{
  "name": "plugins",
  "version": "1.0.16",
  "lockfileVersion": 1,
  "requires": true,
  "dependencies": {
    "decode-uri-component": {
      "version": "0.2.0",
      "resolved": "https://registry.npmjs.org/decode-uri-component/-/decode-uri-component-0.2.0.tgz",
      "integrity": "sha1-6zkTMzRYd1y4TNGh+uBiEGu4dUU="
    },
    "node-fetch": {
      "version": "2.3.0",
      "resolved": "https://registry.npmjs.org/node-fetch/-/node-fetch-2.3.0.tgz",
      "integrity": "sha512-MOd8pV3fxENbryESLgVIeaGKrdl+uaYhCSSVkjeOb/31/njTpcis5aWfdqgNlHIrKOLRbMnfPINPOML2CIFeXA=="
    },
    "query-string": {
      "version": "6.4.2",
      "resolved": "https://registry.npmjs.org/query-string/-/query-string-6.4.2.tgz",
      "integrity": "sha512-DfJqAen17LfLA3rQ+H5S4uXphrF+ANU1lT2ijds4V/Tj4gZxA3gx5/tg1bz7kYCmwna7LyJNCYqO7jNRzo3aLw==",
      "requires": {
        "decode-uri-component": "^0.2.0",
        "split-on-first": "^1.0.0",
        "strict-uri-encode": "^2.0.0"
      }
    },
    "split-on-first": {
      "version": "1.0.0",
      "resolved": "https://registry.npmjs.org/split-on-first/-/split-on-first-1.0.0.tgz",
      "integrity": "sha512-mjA57TQtdWztVZ9THAjGNpgbuIrNfsNrGa5IyK94NoPaT4N14M+GI4jD7t4arLjFkYRQWdETC5RxFzLWouoB3A=="
    },
    "strict-uri-encode": {
      "version": "2.0.0",
      "resolved": "https://registry.npmjs.org/strict-uri-encode/-/strict-uri-encode-2.0.0.tgz",
      "integrity": "sha1-ucczDHBChi9rFC3CdLvMWGbONUY="
    }
  }
}
